version = 1
revision = 3
requires-python = ">=3.13"

[manifest]
members = [
    "core",
    "database",
    "dl-archiver",
    "dl-efs-cleanup",
    "uv-workspace-demo",
]

[[package]]
name = "boto3"
version = "1.40.58"
source = { registry = "https://pypi.org/simple" }
dependencies = [
    { name = "botocore" },
    { name = "jmespath" },
    { name = "s3transfer" },
]
sdist = { url = "https://files.pythonhosted.org/packages/de/87/7f57ac8a1cd532a3e337765d6837c8a5ac2d9d4c5e525d3aca876861f82e/boto3-1.40.58.tar.gz", hash = "sha256:5a99c0bd2e282af4afde1af10d8838b397120722b6b685f0c0fa6b8cac351304", size = 111504, upload-time = "2025-10-23T20:05:21.152Z" }
wheels = [
    { url = "https://files.pythonhosted.org/packages/38/3a/1acfc045dbaa50a1c05b86b7e5102abbac22aa297469826f82f492eacef4/boto3-1.40.58-py3-none-any.whl", hash = "sha256:951515c1ea0ae9e99e56c3b6f408a2f59e1b57fab4d96dab737e73956f729177", size = 139324, upload-time = "2025-10-23T20:05:18.579Z" },
]

[[package]]
name = "boto3-stubs"
version = "1.40.58"
source = { registry = "https://pypi.org/simple" }
dependencies = [
    { name = "botocore-stubs" },
    { name = "types-s3transfer" },
]
sdist = { url = "https://files.pythonhosted.org/packages/b1/04/2f13893b370350cc0845aa76523cb6cc008de5efa68dba9f7226f214ef8a/boto3_stubs-1.40.58.tar.gz", hash = "sha256:b05368b92e2835bca7b015f39c00fd61c35cb127ab37e95361dc7aa9937b968e", size = 100984, upload-time = "2025-10-23T20:18:20.808Z" }
wheels = [
    { url = "https://files.pythonhosted.org/packages/58/71/a71532eed95a9b592eb6cb6e87acfddb86c94e2d2867abd75a25ecee901f/boto3_stubs-1.40.58-py3-none-any.whl", hash = "sha256:ab239c73090eb8c4ac25bfe254ed79da83b697bb3033140c722b07a02734abd3", size = 69747, upload-time = "2025-10-23T20:18:09.414Z" },
]

[package.optional-dependencies]
essential = [
    { name = "mypy-boto3-cloudformation" },
    { name = "mypy-boto3-dynamodb" },
    { name = "mypy-boto3-ec2" },
    { name = "mypy-boto3-lambda" },
    { name = "mypy-boto3-rds" },
    { name = "mypy-boto3-s3" },
    { name = "mypy-boto3-sqs" },
]

[[package]]
name = "botocore"
version = "1.40.58"
source = { registry = "https://pypi.org/simple" }
dependencies = [
    { name = "jmespath" },
    { name = "python-dateutil" },
    { name = "urllib3" },
]
sdist = { url = "https://files.pythonhosted.org/packages/b4/82/26c7528126ba90c82866a35f1fbde5a5ada8f8a523822304c5bcc6a4d6c3/botocore-1.40.58.tar.gz", hash = "sha256:cf2de7f5538f23c8067408a984ed32221e8b196ce98e66945a479d06b2663c33", size = 14464507, upload-time = "2025-10-23T20:05:08.663Z" }
wheels = [
    { url = "https://files.pythonhosted.org/packages/d2/e8/e903eb6a96862ffb0ea96fdaca3db17346cde35869723f4dd9a17834b9da/botocore-1.40.58-py3-none-any.whl", hash = "sha256:2571ca3aec8150e1b5a597794da6fd06284de72f29d3ea806804b798755f2e5a", size = 14135190, upload-time = "2025-10-23T20:05:04.55Z" },
]

[[package]]
name = "botocore-stubs"
version = "1.40.58"
source = { registry = "https://pypi.org/simple" }
dependencies = [
    { name = "types-awscrt" },
]
sdist = { url = "https://files.pythonhosted.org/packages/5c/0b/a7924b7284f1a9b638bc89022a2ad7d68714fdda2658c727d160c3e17e74/botocore_stubs-1.40.58.tar.gz", hash = "sha256:c2703eccee8962b6b109817b126e1c485335a67efe574b99f2e30c82c0f25896", size = 42230, upload-time = "2025-10-23T20:26:59.683Z" }
wheels = [
    { url = "https://files.pythonhosted.org/packages/90/66/c88b19078a32bc737121d9334c4976d9141acc357daffc4cfcb153a9bdff/botocore_stubs-1.40.58-py3-none-any.whl", hash = "sha256:7c03b2b62b727808e65beccc96e75d21409d8b9165c8b0a3e1523386a8673b0a", size = 66541, upload-time = "2025-10-23T20:26:57.248Z" },
]

[[package]]
name = "core"
version = "0.1.0"
source = { editable = "libs/core" }
dependencies = [
    { name = "boto3" },
    { name = "psycopg", extra = ["binary"] },
    { name = "sqlalchemy" },
]

[package.dev-dependencies]
dev = [
    { name = "boto3-stubs", extra = ["essential"] },
]

[package.metadata]
requires-dist = [
    { name = "boto3", specifier = ">=1.40.58" },
    { name = "psycopg", extras = ["binary"], specifier = ">=3.2.11" },
    { name = "sqlalchemy", specifier = ">=2.0.44" },
]

[package.metadata.requires-dev]
dev = [{ name = "boto3-stubs", extras = ["essential"], specifier = ">=1.40.58" }]

[[package]]
name = "database"
version = "0.1.0"
source = { editable = "libs/database" }
dependencies = [
    { name = "psycopg", extra = ["binary"] },
    { name = "sqlalchemy" },
]

[package.metadata]
requires-dist = [
    { name = "psycopg", extras = ["binary"], specifier = ">=3.2.11" },
    { name = "sqlalchemy", specifier = ">=2.0.44" },
]

[[package]]
name = "dl-archiver"
version = "0.1.0"
source = { editable = "apps/dl-archiver" }
dependencies = [
    { name = "core" },
]

[package.metadata]
requires-dist = [{ name = "core", editable = "libs/core" }]

[[package]]
name = "dl-efs-cleanup"
version = "0.1.0"
source = { editable = "apps/dl-efs-cleanup" }
dependencies = [
    { name = "database" },
]

[package.metadata]
requires-dist = [{ name = "database", editable = "libs/database" }]

[[package]]
name = "greenlet"
version = "3.2.4"
source = { registry = "https://pypi.org/simple" }
sdist = { url = "https://files.pythonhosted.org/packages/03/b8/704d753a5a45507a7aab61f18db9509302ed3d0a27ac7e0359ec2905b1a6/greenlet-3.2.4.tar.gz", hash = "sha256:0dca0d95ff849f9a364385f36ab49f50065d76964944638be9691e1832e9f86d", size = 188260, upload-time = "2025-08-07T13:24:33.51Z" }
wheels = [
    { url = "https://files.pythonhosted.org/packages/49/e8/58c7f85958bda41dafea50497cbd59738c5c43dbbea5ee83d651234398f4/greenlet-3.2.4-cp313-cp313-macosx_11_0_universal2.whl", hash = "sha256:1a921e542453fe531144e91e1feedf12e07351b1cf6c9e8a3325ea600a715a31", size = 272814, upload-time = "2025-08-07T13:15:50.011Z" },
    { url = "https://files.pythonhosted.org/packages/62/dd/b9f59862e9e257a16e4e610480cfffd29e3fae018a68c2332090b53aac3d/greenlet-3.2.4-cp313-cp313-manylinux2014_aarch64.manylinux_2_17_aarch64.whl", hash = "sha256:cd3c8e693bff0fff6ba55f140bf390fa92c994083f838fece0f63be121334945", size = 641073, upload-time = "2025-08-07T13:42:57.23Z" },
    { url = "https://files.pythonhosted.org/packages/f7/0b/bc13f787394920b23073ca3b6c4a7a21396301ed75a655bcb47196b50e6e/greenlet-3.2.4-cp313-cp313-manylinux2014_ppc64le.manylinux_2_17_ppc64le.whl", hash = "sha256:710638eb93b1fa52823aa91bf75326f9ecdfd5e0466f00789246a5280f4ba0fc", size = 655191, upload-time = "2025-08-07T13:45:29.752Z" },
    { url = "https://files.pythonhosted.org/packages/f2/d6/6adde57d1345a8d0f14d31e4ab9c23cfe8e2cd39c3baf7674b4b0338d266/greenlet-3.2.4-cp313-cp313-manylinux2014_s390x.manylinux_2_17_s390x.whl", hash = "sha256:c5111ccdc9c88f423426df3fd1811bfc40ed66264d35aa373420a34377efc98a", size = 649516, upload-time = "2025-08-07T13:53:16.314Z" },
    { url = "https://files.pythonhosted.org/packages/7f/3b/3a3328a788d4a473889a2d403199932be55b1b0060f4ddd96ee7cdfcad10/greenlet-3.2.4-cp313-cp313-manylinux2014_x86_64.manylinux_2_17_x86_64.whl", hash = "sha256:d76383238584e9711e20ebe14db6c88ddcedc1829a9ad31a584389463b5aa504", size = 652169, upload-time = "2025-08-07T13:18:32.861Z" },
    { url = "https://files.pythonhosted.org/packages/ee/43/3cecdc0349359e1a527cbf2e3e28e5f8f06d3343aaf82ca13437a9aa290f/greenlet-3.2.4-cp313-cp313-manylinux_2_24_x86_64.manylinux_2_28_x86_64.whl", hash = "sha256:23768528f2911bcd7e475210822ffb5254ed10d71f4028387e5a99b4c6699671", size = 610497, upload-time = "2025-08-07T13:18:31.636Z" },
    { url = "https://files.pythonhosted.org/packages/b8/19/06b6cf5d604e2c382a6f31cafafd6f33d5dea706f4db7bdab184bad2b21d/greenlet-3.2.4-cp313-cp313-musllinux_1_1_aarch64.whl", hash = "sha256:00fadb3fedccc447f517ee0d3fd8fe49eae949e1cd0f6a611818f4f6fb7dc83b", size = 1121662, upload-time = "2025-08-07T13:42:41.117Z" },
    { url = "https://files.pythonhosted.org/packages/a2/15/0d5e4e1a66fab130d98168fe984c509249c833c1a3c16806b90f253ce7b9/greenlet-3.2.4-cp313-cp313-musllinux_1_1_x86_64.whl", hash = "sha256:d25c5091190f2dc0eaa3f950252122edbbadbb682aa7b1ef2f8af0f8c0afefae", size = 1149210, upload-time = "2025-08-07T13:18:24.072Z" },
    { url = "https://files.pythonhosted.org/packages/0b/55/2321e43595e6801e105fcfdee02b34c0f996eb71e6ddffca6b10b7e1d771/greenlet-3.2.4-cp313-cp313-win_amd64.whl", hash = "sha256:554b03b6e73aaabec3745364d6239e9e012d64c68ccd0b8430c64ccc14939a8b", size = 299685, upload-time = "2025-08-07T13:24:38.824Z" },
    { url = "https://files.pythonhosted.org/packages/22/5c/85273fd7cc388285632b0498dbbab97596e04b154933dfe0f3e68156c68c/greenlet-3.2.4-cp314-cp314-macosx_11_0_universal2.whl", hash = "sha256:49a30d5fda2507ae77be16479bdb62a660fa51b1eb4928b524975b3bde77b3c0", size = 273586, upload-time = "2025-08-07T13:16:08.004Z" },
    { url = "https://files.pythonhosted.org/packages/d1/75/10aeeaa3da9332c2e761e4c50d4c3556c21113ee3f0afa2cf5769946f7a3/greenlet-3.2.4-cp314-cp314-manylinux2014_aarch64.manylinux_2_17_aarch64.whl", hash = "sha256:299fd615cd8fc86267b47597123e3f43ad79c9d8a22bebdce535e53550763e2f", size = 686346, upload-time = "2025-08-07T13:42:59.944Z" },
    { url = "https://files.pythonhosted.org/packages/c0/aa/687d6b12ffb505a4447567d1f3abea23bd20e73a5bed63871178e0831b7a/greenlet-3.2.4-cp314-cp314-manylinux2014_ppc64le.manylinux_2_17_ppc64le.whl", hash = "sha256:c17b6b34111ea72fc5a4e4beec9711d2226285f0386ea83477cbb97c30a3f3a5", size = 699218, upload-time = "2025-08-07T13:45:30.969Z" },
    { url = "https://files.pythonhosted.org/packages/dc/8b/29aae55436521f1d6f8ff4e12fb676f3400de7fcf27fccd1d4d17fd8fecd/greenlet-3.2.4-cp314-cp314-manylinux2014_s390x.manylinux_2_17_s390x.whl", hash = "sha256:b4a1870c51720687af7fa3e7cda6d08d801dae660f75a76f3845b642b4da6ee1", size = 694659, upload-time = "2025-08-07T13:53:17.759Z" },
    { url = "https://files.pythonhosted.org/packages/92/2e/ea25914b1ebfde93b6fc4ff46d6864564fba59024e928bdc7de475affc25/greenlet-3.2.4-cp314-cp314-manylinux2014_x86_64.manylinux_2_17_x86_64.whl", hash = "sha256:061dc4cf2c34852b052a8620d40f36324554bc192be474b9e9770e8c042fd735", size = 695355, upload-time = "2025-08-07T13:18:34.517Z" },
    { url = "https://files.pythonhosted.org/packages/72/60/fc56c62046ec17f6b0d3060564562c64c862948c9d4bc8aa807cf5bd74f4/greenlet-3.2.4-cp314-cp314-manylinux_2_24_x86_64.manylinux_2_28_x86_64.whl", hash = "sha256:44358b9bf66c8576a9f57a590d5f5d6e72fa4228b763d0e43fee6d3b06d3a337", size = 657512, upload-time = "2025-08-07T13:18:33.969Z" },
    { url = "https://files.pythonhosted.org/packages/e3/a5/6ddab2b4c112be95601c13428db1d8b6608a8b6039816f2ba09c346c08fc/greenlet-3.2.4-cp314-cp314-win_amd64.whl", hash = "sha256:e37ab26028f12dbb0ff65f29a8d3d44a765c61e729647bf2ddfbbed621726f01", size = 303425, upload-time = "2025-08-07T13:32:27.59Z" },
]

[[package]]
name = "jmespath"
version = "1.0.1"
source = { registry = "https://pypi.org/simple" }
sdist = { url = "https://files.pythonhosted.org/packages/00/2a/e867e8531cf3e36b41201936b7fa7ba7b5702dbef42922193f05c8976cd6/jmespath-1.0.1.tar.gz", hash = "sha256:90261b206d6defd58fdd5e85f478bf633a2901798906be2ad389150c5c60edbe", size = 25843, upload-time = "2022-06-17T18:00:12.224Z" }
wheels = [
    { url = "https://files.pythonhosted.org/packages/31/b4/b9b800c45527aadd64d5b442f9b932b00648617eb5d63d2c7a6587b7cafc/jmespath-1.0.1-py3-none-any.whl", hash = "sha256:02e2e4cc71b5bcab88332eebf907519190dd9e6e82107fa7f83b1003a6252980", size = 20256, upload-time = "2022-06-17T18:00:10.251Z" },
]

[[package]]
name = "mypy"
version = "1.18.2"
source = { registry = "https://pypi.org/simple" }
dependencies = [
    { name = "mypy-extensions" },
    { name = "pathspec" },
    { name = "typing-extensions" },
]
sdist = { url = "https://files.pythonhosted.org/packages/c0/77/8f0d0001ffad290cef2f7f216f96c814866248a0b92a722365ed54648e7e/mypy-1.18.2.tar.gz", hash = "sha256:06a398102a5f203d7477b2923dda3634c36727fa5c237d8f859ef90c42a9924b", size = 3448846, upload-time = "2025-09-19T00:11:10.519Z" }
wheels = [
    { url = "https://files.pythonhosted.org/packages/5f/04/7f462e6fbba87a72bc8097b93f6842499c428a6ff0c81dd46948d175afe8/mypy-1.18.2-cp313-cp313-macosx_10_13_x86_64.whl", hash = "sha256:07b8b0f580ca6d289e69209ec9d3911b4a26e5abfde32228a288eb79df129fcc", size = 12898728, upload-time = "2025-09-19T00:10:01.33Z" },
    { url = "https://files.pythonhosted.org/packages/99/5b/61ed4efb64f1871b41fd0b82d29a64640f3516078f6c7905b68ab1ad8b13/mypy-1.18.2-cp313-cp313-macosx_11_0_arm64.whl", hash = "sha256:ed4482847168439651d3feee5833ccedbf6657e964572706a2adb1f7fa4dfe2e", size = 11910758, upload-time = "2025-09-19T00:10:42.607Z" },
    { url = "https://files.pythonhosted.org/packages/3c/46/d297d4b683cc89a6e4108c4250a6a6b717f5fa96e1a30a7944a6da44da35/mypy-1.18.2-cp313-cp313-manylinux2014_aarch64.manylinux_2_17_aarch64.manylinux_2_28_aarch64.whl", hash = "sha256:c3ad2afadd1e9fea5cf99a45a822346971ede8685cc581ed9cd4d42eaf940986", size = 12475342, upload-time = "2025-09-19T00:11:00.371Z" },
    { url = "https://files.pythonhosted.org/packages/83/45/4798f4d00df13eae3bfdf726c9244bcb495ab5bd588c0eed93a2f2dd67f3/mypy-1.18.2-cp313-cp313-manylinux2014_x86_64.manylinux_2_17_x86_64.manylinux_2_28_x86_64.whl", hash = "sha256:a431a6f1ef14cf8c144c6b14793a23ec4eae3db28277c358136e79d7d062f62d", size = 13338709, upload-time = "2025-09-19T00:11:03.358Z" },
    { url = "https://files.pythonhosted.org/packages/d7/09/479f7358d9625172521a87a9271ddd2441e1dab16a09708f056e97007207/mypy-1.18.2-cp313-cp313-musllinux_1_2_x86_64.whl", hash = "sha256:7ab28cc197f1dd77a67e1c6f35cd1f8e8b73ed2217e4fc005f9e6a504e46e7ba", size = 13529806, upload-time = "2025-09-19T00:10:26.073Z" },
    { url = "https://files.pythonhosted.org/packages/71/cf/ac0f2c7e9d0ea3c75cd99dff7aec1c9df4a1376537cb90e4c882267ee7e9/mypy-1.18.2-cp313-cp313-win_amd64.whl", hash = "sha256:0e2785a84b34a72ba55fb5daf079a1003a34c05b22238da94fcae2bbe46f3544", size = 9833262, upload-time = "2025-09-19T00:10:40.035Z" },
    { url = "https://files.pythonhosted.org/packages/5a/0c/7d5300883da16f0063ae53996358758b2a2df2a09c72a5061fa79a1f5006/mypy-1.18.2-cp314-cp314-macosx_10_13_x86_64.whl", hash = "sha256:62f0e1e988ad41c2a110edde6c398383a889d95b36b3e60bcf155f5164c4fdce", size = 12893775, upload-time = "2025-09-19T00:10:03.814Z" },
    { url = "https://files.pythonhosted.org/packages/50/df/2cffbf25737bdb236f60c973edf62e3e7b4ee1c25b6878629e88e2cde967/mypy-1.18.2-cp314-cp314-macosx_11_0_arm64.whl", hash = "sha256:8795a039bab805ff0c1dfdb8cd3344642c2b99b8e439d057aba30850b8d3423d", size = 11936852, upload-time = "2025-09-19T00:10:51.631Z" },
    { url = "https://files.pythonhosted.org/packages/be/50/34059de13dd269227fb4a03be1faee6e2a4b04a2051c82ac0a0b5a773c9a/mypy-1.18.2-cp314-cp314-manylinux2014_aarch64.manylinux_2_17_aarch64.manylinux_2_28_aarch64.whl", hash = "sha256:6ca1e64b24a700ab5ce10133f7ccd956a04715463d30498e64ea8715236f9c9c", size = 12480242, upload-time = "2025-09-19T00:11:07.955Z" },
    { url = "https://files.pythonhosted.org/packages/5b/11/040983fad5132d85914c874a2836252bbc57832065548885b5bb5b0d4359/mypy-1.18.2-cp314-cp314-manylinux2014_x86_64.manylinux_2_17_x86_64.manylinux_2_28_x86_64.whl", hash = "sha256:d924eef3795cc89fecf6bedc6ed32b33ac13e8321344f6ddbf8ee89f706c05cb", size = 13326683, upload-time = "2025-09-19T00:09:55.572Z" },
    { url = "https://files.pythonhosted.org/packages/e9/ba/89b2901dd77414dd7a8c8729985832a5735053be15b744c18e4586e506ef/mypy-1.18.2-cp314-cp314-musllinux_1_2_x86_64.whl", hash = "sha256:20c02215a080e3a2be3aa50506c67242df1c151eaba0dcbc1e4e557922a26075", size = 13514749, upload-time = "2025-09-19T00:10:44.827Z" },
    { url = "https://files.pythonhosted.org/packages/25/bc/cc98767cffd6b2928ba680f3e5bc969c4152bf7c2d83f92f5a504b92b0eb/mypy-1.18.2-cp314-cp314-win_amd64.whl", hash = "sha256:749b5f83198f1ca64345603118a6f01a4e99ad4bf9d103ddc5a3200cc4614adf", size = 9982959, upload-time = "2025-09-19T00:10:37.344Z" },
    { url = "https://files.pythonhosted.org/packages/87/e3/be76d87158ebafa0309946c4a73831974d4d6ab4f4ef40c3b53a385a66fd/mypy-1.18.2-py3-none-any.whl", hash = "sha256:22a1748707dd62b58d2ae53562ffc4d7f8bcc727e8ac7cbc69c053ddc874d47e", size = 2352367, upload-time = "2025-09-19T00:10:15.489Z" },
]

[[package]]
name = "mypy-boto3-cloudformation"
version = "1.40.57"
source = { registry = "https://pypi.org/simple" }
sdist = { url = "https://files.pythonhosted.org/packages/12/54/8b3dbd022d8601db51708ff0f69e1383f16bd7e50446a4b3090406750388/mypy_boto3_cloudformation-1.40.57.tar.gz", hash = "sha256:fc951f5891fa345b5256973f38a8436d80a4289c5c621d52fe9cb7bf64348b7e", size = 57865, upload-time = "2025-10-22T20:34:41.339Z" }
wheels = [
    { url = "https://files.pythonhosted.org/packages/5e/93/d6ae44c675e5994a59e43ac35d78a4bdebd22fc04572241967f58e163aaf/mypy_boto3_cloudformation-1.40.57-py3-none-any.whl", hash = "sha256:bc4571198323edb65869ff203644024886a33e68252cad269865520df139de35", size = 69906, upload-time = "2025-10-22T20:34:37.938Z" },
]

[[package]]
name = "mypy-boto3-dynamodb"
version = "1.40.56"
source = { registry = "https://pypi.org/simple" }
sdist = { url = "https://files.pythonhosted.org/packages/8a/20/b543f76de1e5744b32d9051716ce464e595765b5aadac7ac36e24363a986/mypy_boto3_dynamodb-1.40.56.tar.gz", hash = "sha256:576dd12fe1125754066e7fa480f92c123220970a9d69f7663a56d701f2978ac5", size = 47972, upload-time = "2025-10-21T20:35:02.447Z" }
wheels = [
    { url = "https://files.pythonhosted.org/packages/32/93/2bb83680398a28cbc729e120c4ae745adf76d7a20f31499189cce2a46485/mypy_boto3_dynamodb-1.40.56-py3-none-any.whl", hash = "sha256:3bf3f541a0d21c249109dd65f18c61b3e6a0fe7124b3afe989877d5cca42b65a", size = 56996, upload-time = "2025-10-21T20:34:54.187Z" },
]

[[package]]
name = "mypy-boto3-ec2"
version = "1.40.57"
source = { registry = "https://pypi.org/simple" }
sdist = { url = "https://files.pythonhosted.org/packages/8a/f8/39f190d43dc8ba315947027466f6718809d89c4e0e3c819ac41b13db4fa1/mypy_boto3_ec2-1.40.57.tar.gz", hash = "sha256:c70a2f116850e99a3670b075386233df5dbcc248f0cf42c5e97808689892c7ba", size = 415441, upload-time = "2025-10-22T20:35:40.913Z" }
wheels = [
    { url = "https://files.pythonhosted.org/packages/dc/b4/13390961acfe01a73a67da92fd97ae9929d6aaf1ce3b5ecba56fa62afa5f/mypy_boto3_ec2-1.40.57-py3-none-any.whl", hash = "sha256:32e478ff2ba193f04d98e2ab6bbbdd361d6fd7812960156ade080130532683a6", size = 404889, upload-time = "2025-10-22T20:35:37.909Z" },
]

[[package]]
name = "mypy-boto3-lambda"
version = "1.40.58"
source = { registry = "https://pypi.org/simple" }
sdist = { url = "https://files.pythonhosted.org/packages/4c/9d/ecf1f37eb49947c7575615468c6d716a698394ec38e6c587ff5f67f10405/mypy_boto3_lambda-1.40.58.tar.gz", hash = "sha256:fe1002d770e115c7853ec497768b18da528efd384497207fc5e83257e4fd8573", size = 42489, upload-time = "2025-10-23T20:14:19.931Z" }
wheels = [
    { url = "https://files.pythonhosted.org/packages/e2/7d/88ac6ab5e4d323c991db4c055c359f575784b26a19198ac218aba39f8393/mypy_boto3_lambda-1.40.58-py3-none-any.whl", hash = "sha256:61a1cb3654122dc9a557509606721ea78247b4e450e98c2b849f5ae0f9a9a652", size = 49125, upload-time = "2025-10-23T20:14:16.328Z" },
]

[[package]]
name = "mypy-boto3-rds"
version = "1.40.50"
source = { registry = "https://pypi.org/simple" }
sdist = { url = "https://files.pythonhosted.org/packages/f1/f3/6a3f8cc77cf07f44975076d9eaaf0281cc9b2b6ff9472244bd8d8b9d9900/mypy_boto3_rds-1.40.50.tar.gz", hash = "sha256:7d5506bf7eab2b59266f93261049c2ac25c460f7e09f583abb86980699c3bed5", size = 85565, upload-time = "2025-10-10T20:32:20.09Z" }
wheels = [
    { url = "https://files.pythonhosted.org/packages/a0/35/4935f6657a24bd604fd601f60a7d0e5a25befd58b8989073fa792be06254/mypy_boto3_rds-1.40.50-py3-none-any.whl", hash = "sha256:455f6636ac63c4c94aaeaa9376529cc39c0532fb9bcd511c646a0ef4b001d788", size = 92006, upload-time = "2025-10-10T20:32:14.185Z" },
]

[[package]]
name = "mypy-boto3-s3"
version = "1.40.26"
source = { registry = "https://pypi.org/simple" }
sdist = { url = "https://files.pythonhosted.org/packages/00/b8/55d21ed9ca479df66d9892212ba7d7977850ef17aa80a83e3f11f31190fd/mypy_boto3_s3-1.40.26.tar.gz", hash = "sha256:8d2bfd1052894d0e84c9fb9358d838ba0eed0265076c7dd7f45622c770275c99", size = 75948, upload-time = "2025-09-08T20:12:21.405Z" }
wheels = [
    { url = "https://files.pythonhosted.org/packages/85/a5/dba3384423834009bdd41c7021de5c663468a0e7bc4071cb301721e52a99/mypy_boto3_s3-1.40.26-py3-none-any.whl", hash = "sha256:6d055d16ef89a0133ade92f6b4f09603e4acc31a0f5e8f846edf4eb48f17b5a7", size = 82762, upload-time = "2025-09-08T20:12:19.338Z" },
]

[[package]]
name = "mypy-boto3-sqs"
version = "1.40.35"
source = { registry = "https://pypi.org/simple" }
sdist = { url = "https://files.pythonhosted.org/packages/70/be/27ead4078dc1faa9c6c1916e0f7cfdb102925591eaab153a496640250541/mypy_boto3_sqs-1.40.35.tar.gz", hash = "sha256:c11f95ee72bddb84f7fecf3000372e01547f36737064b785f1cf34191b87e03f", size = 23583, upload-time = "2025-09-19T19:42:27.814Z" }
wheels = [
    { url = "https://files.pythonhosted.org/packages/26/12/383dbfd97656f0271e4b7f047be211b49ee3daa2d5d78869b8c2993c906b/mypy_boto3_sqs-1.40.35-py3-none-any.whl", hash = "sha256:719967d5973ab99a1298381023add28da45ee0dca2b5bf4969b7b5e4fc1a5db8", size = 33779, upload-time = "2025-09-19T19:42:23.975Z" },
]

[[package]]
name = "mypy-extensions"
version = "1.1.0"
source = { registry = "https://pypi.org/simple" }
sdist = { url = "https://files.pythonhosted.org/packages/a2/6e/371856a3fb9d31ca8dac321cda606860fa4548858c0cc45d9d1d4ca2628b/mypy_extensions-1.1.0.tar.gz", hash = "sha256:52e68efc3284861e772bbcd66823fde5ae21fd2fdb51c62a211403730b916558", size = 6343, upload-time = "2025-04-22T14:54:24.164Z" }
wheels = [
    { url = "https://files.pythonhosted.org/packages/79/7b/2c79738432f5c924bef5071f933bcc9efd0473bac3b4aa584a6f7c1c8df8/mypy_extensions-1.1.0-py3-none-any.whl", hash = "sha256:1be4cccdb0f2482337c4743e60421de3a356cd97508abadd57d47403e94f5505", size = 4963, upload-time = "2025-04-22T14:54:22.983Z" },
]

[[package]]
name = "pathspec"
version = "0.12.1"
source = { registry = "https://pypi.org/simple" }
sdist = { url = "https://files.pythonhosted.org/packages/ca/bc/f35b8446f4531a7cb215605d100cd88b7ac6f44ab3fc94870c120ab3adbf/pathspec-0.12.1.tar.gz", hash = "sha256:a482d51503a1ab33b1c67a6c3813a26953dbdc71c31dacaef9a838c4e29f5712", size = 51043, upload-time = "2023-12-10T22:30:45Z" }
wheels = [
    { url = "https://files.pythonhosted.org/packages/cc/20/ff623b09d963f88bfde16306a54e12ee5ea43e9b597108672ff3a408aad6/pathspec-0.12.1-py3-none-any.whl", hash = "sha256:a0d503e138a4c123b27490a4f7beda6a01c6f288df0e4a8b79c7eb0dc7b4cc08", size = 31191, upload-time = "2023-12-10T22:30:43.14Z" },
]

[[package]]
name = "psycopg"
version = "3.2.11"
source = { registry = "https://pypi.org/simple" }
dependencies = [
    { name = "tzdata", marker = "sys_platform == 'win32'" },
]
sdist = { url = "https://files.pythonhosted.org/packages/27/02/9fdfc018c026df2bcf9c11480c1014f9b90c6d801e5f929408cbfbf94cc0/psycopg-3.2.11.tar.gz", hash = "sha256:398bb484ed44361e041c8f804ed7af3d2fcefbffdace1d905b7446c319321706", size = 160644, upload-time = "2025-10-18T22:48:28.136Z" }
wheels = [
    { url = "https://files.pythonhosted.org/packages/aa/1b/96ee90ed0007d64936d9bd1bb3108d0af3cf762b4f11dbd73359f0687c3d/psycopg-3.2.11-py3-none-any.whl", hash = "sha256:217231b2b6b72fba88281b94241b2f16043ee67f81def47c52a01b72ff0c086a", size = 206766, upload-time = "2025-10-18T22:43:32.114Z" },
]

[package.optional-dependencies]
binary = [
    { name = "psycopg-binary", marker = "implementation_name != 'pypy'" },
]

[[package]]
name = "psycopg-binary"
version = "3.2.11"
source = { registry = "https://pypi.org/simple" }
wheels = [
    { url = "https://files.pythonhosted.org/packages/f2/93/9cea78ed3b279909f0fd6c2badb24b2361b93c875d6a7c921e26f6254044/psycopg_binary-3.2.11-cp313-cp313-macosx_10_13_x86_64.whl", hash = "sha256:47f6cf8a1d02d25238bdb8741ac641ff0ec22b1c6ff6a2acd057d0da5c712842", size = 4017939, upload-time = "2025-10-18T22:45:45.114Z" },
    { url = "https://files.pythonhosted.org/packages/58/86/fc9925f500b2c140c0bb8c1f8fcd04f8c45c76d4852e87baf4c75182de8c/psycopg_binary-3.2.11-cp313-cp313-macosx_11_0_arm64.whl", hash = "sha256:91268f04380964a5e767f8102d05f1e23312ddbe848de1a9514b08b3fc57d354", size = 4090150, upload-time = "2025-10-18T22:45:50.214Z" },
    { url = "https://files.pythonhosted.org/packages/4e/10/752b698da1ca9e6c5f15d8798cb637c3615315fd2da17eee4a90cf20ee08/psycopg_binary-3.2.11-cp313-cp313-manylinux2014_aarch64.manylinux_2_17_aarch64.whl", hash = "sha256:199f88a05dd22133eab2deb30348ef7a70c23d706c8e63fdc904234163c63517", size = 4625597, upload-time = "2025-10-18T22:45:54.638Z" },
    { url = "https://files.pythonhosted.org/packages/0a/9f/b578545c3c23484f4e234282d97ab24632a1d3cbfec64209786872e7cc8f/psycopg_binary-3.2.11-cp313-cp313-manylinux2014_ppc64le.manylinux_2_17_ppc64le.whl", hash = "sha256:7b3c5474dbad63bcccb8d14d4d4c7c19f1dc6f8e8c1914cbc771d261cf8eddca", size = 4720326, upload-time = "2025-10-18T22:45:59.266Z" },
    { url = "https://files.pythonhosted.org/packages/43/3b/ba548d3fe65a7d4c96e568c2188e4b665802e3cba41664945ed95d16eae9/psycopg_binary-3.2.11-cp313-cp313-manylinux2014_x86_64.manylinux_2_17_x86_64.whl", hash = "sha256:581358e770a4536e546841b78fd0fe318added4a82443bf22d0bbe3109cf9582", size = 4411647, upload-time = "2025-10-18T22:46:04.009Z" },
    { url = "https://files.pythonhosted.org/packages/26/65/559ab485b198600e7ff70d70786ae5c89d63475ca01d43a7dda0d7c91386/psycopg_binary-3.2.11-cp313-cp313-musllinux_1_2_aarch64.whl", hash = "sha256:54a30f00a51b9043048b3e7ee806ffd31fc5fbd02a20f0e69d21306ff33dc473", size = 3863037, upload-time = "2025-10-18T22:46:08.469Z" },
    { url = "https://files.pythonhosted.org/packages/8c/29/05d0b48c8bef147e8216a36a1263a309a6240dcc09a56f5b8174fa6216d2/psycopg_binary-3.2.11-cp313-cp313-musllinux_1_2_ppc64le.whl", hash = "sha256:2a438fad4cc081b018431fde0e791b6d50201526edf39522a85164f606c39ddb", size = 3536975, upload-time = "2025-10-18T22:46:12.982Z" },
    { url = "https://files.pythonhosted.org/packages/d4/75/304e133d3ab1a49602616192edb81f603ed574f79966449105f2e200999d/psycopg_binary-3.2.11-cp313-cp313-musllinux_1_2_x86_64.whl", hash = "sha256:f5e7415b5d0f58edf2708842c66605092df67f3821161d861b09695fc326c4de", size = 3586213, upload-time = "2025-10-18T22:46:19.523Z" },
    { url = "https://files.pythonhosted.org/packages/c0/10/c47cce42fa3c37d439e1400eaa5eeb2ce53dc3abc84d52c8a8a9e544d945/psycopg_binary-3.2.11-cp313-cp313-win_amd64.whl", hash = "sha256:6b9632c42f76d5349e7dd50025cff02688eb760b258e891ad2c6428e7e4917d5", size = 2912997, upload-time = "2025-10-18T22:46:24.978Z" },
    { url = "https://files.pythonhosted.org/packages/85/13/728b4763ef76a688737acebfcb5ab8696b024adc49a69c86081392b0e5ba/psycopg_binary-3.2.11-cp314-cp314-macosx_10_13_x86_64.whl", hash = "sha256:260738ae222b41dbefd0d84cb2e150a112f90b41688630f57fdac487ab6d6f38", size = 4016962, upload-time = "2025-10-18T22:46:29.207Z" },
    { url = "https://files.pythonhosted.org/packages/9f/0f/6180149621a907c5b60a2fae87d6ee10cc13e8c9f58d8250c310634ced04/psycopg_binary-3.2.11-cp314-cp314-macosx_11_0_arm64.whl", hash = "sha256:c594c199869099c59c85b9f4423370b6212491fb929e7fcda0da1768761a2c2c", size = 4090614, upload-time = "2025-10-18T22:46:33.073Z" },
    { url = "https://files.pythonhosted.org/packages/f8/97/cce19bdef510b698c9036d5573b941b539ffcaa7602450da559c8a62e0c3/psycopg_binary-3.2.11-cp314-cp314-manylinux2014_aarch64.manylinux_2_17_aarch64.whl", hash = "sha256:5768a9e7d393b2edd3a28de5a6d5850d054a016ed711f7044a9072f19f5e50d5", size = 4629749, upload-time = "2025-10-18T22:46:37.415Z" },
    { url = "https://files.pythonhosted.org/packages/93/9d/9bff18989fb2bf05d18c1431dd8bec4a1d90141beb11fc45d3269947ddf3/psycopg_binary-3.2.11-cp314-cp314-manylinux2014_ppc64le.manylinux_2_17_ppc64le.whl", hash = "sha256:27eb6367350b75fef882c40cd6f748bfd976db2f8651f7511956f11efc15154f", size = 4724035, upload-time = "2025-10-18T22:46:42.568Z" },
    { url = "https://files.pythonhosted.org/packages/08/e5/39b930323428596990367b7953197730213d3d9d07bcedcad1d026608178/psycopg_binary-3.2.11-cp314-cp314-manylinux2014_x86_64.manylinux_2_17_x86_64.whl", hash = "sha256:fa2aa5094dc962967ca0978c035b3ef90329b802501ef12a088d3bac6a55598e", size = 4411419, upload-time = "2025-10-18T22:46:47.745Z" },
    { url = "https://files.pythonhosted.org/packages/9a/9c/97c25438d1e51ddc6a7f67990b4c59f94bc515114ada864804ccee27ef1b/psycopg_binary-3.2.11-cp314-cp314-musllinux_1_2_aarch64.whl", hash = "sha256:7744b4ed1f3b76fe37de7e9ef98014482fe74b6d3dfe1026cc4cfb4b4404e74f", size = 3867844, upload-time = "2025-10-18T22:46:53.328Z" },
    { url = "https://files.pythonhosted.org/packages/91/51/8c1e291cf4aa9982666f71a886aa782d990aa16853a42de545a0a9a871ef/psycopg_binary-3.2.11-cp314-cp314-musllinux_1_2_ppc64le.whl", hash = "sha256:5f6f948ff1cd252003ff534d7b50a2b25453b4212b283a7514ff8751bdb68c37", size = 3541539, upload-time = "2025-10-18T22:46:58.993Z" },
    { url = "https://files.pythonhosted.org/packages/57/0a/e25edcdfa1111bfc5c95668b7469b5a957b40ce10cc81383688d65564826/psycopg_binary-3.2.11-cp314-cp314-musllinux_1_2_x86_64.whl", hash = "sha256:3bd2c8fb1dec6f93383fbaa561591fa3d676e079f9cb9889af17c3020a19715f", size = 3588090, upload-time = "2025-10-18T22:47:04.105Z" },
    { url = "https://files.pythonhosted.org/packages/a3/aa/f8c2f4b4c13d5680a20e5bfcd61f9e154bce26e7a2c70cb0abeade088d61/psycopg_binary-3.2.11-cp314-cp314-win_amd64.whl", hash = "sha256:c45f61202e5691090a697e599997eaffa3ec298209743caa4fd346145acabafe", size = 3006049, upload-time = "2025-10-18T22:47:07.923Z" },
]

[[package]]
name = "python-dateutil"
version = "2.9.0.post0"
source = { registry = "https://pypi.org/simple" }
dependencies = [
    { name = "six" },
]
sdist = { url = "https://files.pythonhosted.org/packages/66/c0/0c8b6ad9f17a802ee498c46e004a0eb49bc148f2fd230864601a86dcf6db/python-dateutil-2.9.0.post0.tar.gz", hash = "sha256:37dd54208da7e1cd875388217d5e00ebd4179249f90fb72437e91a35459a0ad3", size = 342432, upload-time = "2024-03-01T18:36:20.211Z" }
wheels = [
    { url = "https://files.pythonhosted.org/packages/ec/57/56b9bcc3c9c6a792fcbaf139543cee77261f3651ca9da0c93f5c1221264b/python_dateutil-2.9.0.post0-py2.py3-none-any.whl", hash = "sha256:a8b2bc7bffae282281c8140a97d3aa9c14da0b136dfe83f850eea9a5f7470427", size = 229892, upload-time = "2024-03-01T18:36:18.57Z" },
]

[[package]]
name = "s3transfer"
version = "0.14.0"
source = { registry = "https://pypi.org/simple" }
dependencies = [
    { name = "botocore" },
]
sdist = { url = "https://files.pythonhosted.org/packages/62/74/8d69dcb7a9efe8baa2046891735e5dfe433ad558ae23d9e3c14c633d1d58/s3transfer-0.14.0.tar.gz", hash = "sha256:eff12264e7c8b4985074ccce27a3b38a485bb7f7422cc8046fee9be4983e4125", size = 151547, upload-time = "2025-09-09T19:23:31.089Z" }
wheels = [
    { url = "https://files.pythonhosted.org/packages/48/f0/ae7ca09223a81a1d890b2557186ea015f6e0502e9b8cb8e1813f1d8cfa4e/s3transfer-0.14.0-py3-none-any.whl", hash = "sha256:ea3b790c7077558ed1f02a3072fb3cb992bbbd253392f4b6e9e8976941c7d456", size = 85712, upload-time = "2025-09-09T19:23:30.041Z" },
]

[[package]]
name = "six"
version = "1.17.0"
source = { registry = "https://pypi.org/simple" }
sdist = { url = "https://files.pythonhosted.org/packages/94/e7/b2c673351809dca68a0e064b6af791aa332cf192da575fd474ed7d6f16a2/six-1.17.0.tar.gz", hash = "sha256:ff70335d468e7eb6ec65b95b99d3a2836546063f63acc5171de367e834932a81", size = 34031, upload-time = "2024-12-04T17:35:28.174Z" }
wheels = [
    { url = "https://files.pythonhosted.org/packages/b7/ce/149a00dd41f10bc29e5921b496af8b574d8413afcd5e30dfa0ed46c2cc5e/six-1.17.0-py2.py3-none-any.whl", hash = "sha256:4721f391ed90541fddacab5acf947aa0d3dc7d27b2e1e8eda2be8970586c3274", size = 11050, upload-time = "2024-12-04T17:35:26.475Z" },
]

[[package]]
name = "sqlalchemy"
version = "2.0.44"
source = { registry = "https://pypi.org/simple" }
dependencies = [
    { name = "greenlet", marker = "platform_machine == 'AMD64' or platform_machine == 'WIN32' or platform_machine == 'aarch64' or platform_machine == 'amd64' or platform_machine == 'ppc64le' or platform_machine == 'win32' or platform_machine == 'x86_64'" },
    { name = "typing-extensions" },
]
sdist = { url = "https://files.pythonhosted.org/packages/f0/f2/840d7b9496825333f532d2e3976b8eadbf52034178aac53630d09fe6e1ef/sqlalchemy-2.0.44.tar.gz", hash = "sha256:0ae7454e1ab1d780aee69fd2aae7d6b8670a581d8847f2d1e0f7ddfbf47e5a22", size = 9819830, upload-time = "2025-10-10T14:39:12.935Z" }
wheels = [
    { url = "https://files.pythonhosted.org/packages/45/d3/c67077a2249fdb455246e6853166360054c331db4613cda3e31ab1cadbef/sqlalchemy-2.0.44-cp313-cp313-macosx_10_13_x86_64.whl", hash = "sha256:ff486e183d151e51b1d694c7aa1695747599bb00b9f5f604092b54b74c64a8e1", size = 2135479, upload-time = "2025-10-10T16:03:37.671Z" },
    { url = "https://files.pythonhosted.org/packages/2b/91/eabd0688330d6fd114f5f12c4f89b0d02929f525e6bf7ff80aa17ca802af/sqlalchemy-2.0.44-cp313-cp313-macosx_11_0_arm64.whl", hash = "sha256:0b1af8392eb27b372ddb783b317dea0f650241cea5bd29199b22235299ca2e45", size = 2123212, upload-time = "2025-10-10T16:03:41.755Z" },
    { url = "https://files.pythonhosted.org/packages/b0/bb/43e246cfe0e81c018076a16036d9b548c4cc649de241fa27d8d9ca6f85ab/sqlalchemy-2.0.44-cp313-cp313-manylinux_2_17_aarch64.manylinux2014_aarch64.whl", hash = "sha256:2b61188657e3a2b9ac4e8f04d6cf8e51046e28175f79464c67f2fd35bceb0976", size = 3255353, upload-time = "2025-10-10T15:35:31.221Z" },
    { url = "https://files.pythonhosted.org/packages/b9/96/c6105ed9a880abe346b64d3b6ddef269ddfcab04f7f3d90a0bf3c5a88e82/sqlalchemy-2.0.44-cp313-cp313-manylinux_2_17_x86_64.manylinux2014_x86_64.whl", hash = "sha256:b87e7b91a5d5973dda5f00cd61ef72ad75a1db73a386b62877d4875a8840959c", size = 3260222, upload-time = "2025-10-10T15:43:50.124Z" },
    { url = "https://files.pythonhosted.org/packages/44/16/1857e35a47155b5ad927272fee81ae49d398959cb749edca6eaa399b582f/sqlalchemy-2.0.44-cp313-cp313-musllinux_1_2_aarch64.whl", hash = "sha256:15f3326f7f0b2bfe406ee562e17f43f36e16167af99c4c0df61db668de20002d", size = 3189614, upload-time = "2025-10-10T15:35:32.578Z" },
    { url = "https://files.pythonhosted.org/packages/88/ee/4afb39a8ee4fc786e2d716c20ab87b5b1fb33d4ac4129a1aaa574ae8a585/sqlalchemy-2.0.44-cp313-cp313-musllinux_1_2_x86_64.whl", hash = "sha256:1e77faf6ff919aa8cd63f1c4e561cac1d9a454a191bb864d5dd5e545935e5a40", size = 3226248, upload-time = "2025-10-10T15:43:51.862Z" },
    { url = "https://files.pythonhosted.org/packages/32/d5/0e66097fc64fa266f29a7963296b40a80d6a997b7ac13806183700676f86/sqlalchemy-2.0.44-cp313-cp313-win32.whl", hash = "sha256:ee51625c2d51f8baadf2829fae817ad0b66b140573939dd69284d2ba3553ae73", size = 2101275, upload-time = "2025-10-10T15:03:26.096Z" },
    { url = "https://files.pythonhosted.org/packages/03/51/665617fe4f8c6450f42a6d8d69243f9420f5677395572c2fe9d21b493b7b/sqlalchemy-2.0.44-cp313-cp313-win_amd64.whl", hash = "sha256:c1c80faaee1a6c3428cecf40d16a2365bcf56c424c92c2b6f0f9ad204b899e9e", size = 2127901, upload-time = "2025-10-10T15:03:27.548Z" },
    { url = "https://files.pythonhosted.org/packages/9c/5e/6a29fa884d9fb7ddadf6b69490a9d45fded3b38541713010dad16b77d015/sqlalchemy-2.0.44-py3-none-any.whl", hash = "sha256:19de7ca1246fbef9f9d1bff8f1ab25641569df226364a0e40457dc5457c54b05", size = 1928718, upload-time = "2025-10-10T15:29:45.32Z" },
]

[[package]]
name = "types-awscrt"
version = "0.28.2"
source = { registry = "https://pypi.org/simple" }
sdist = { url = "https://files.pythonhosted.org/packages/86/65/f92debc7c9ff9e6e51cf1495248f0edd2fa7123461acf5d07ec1688d8ac1/types_awscrt-0.28.2.tar.gz", hash = "sha256:4349b6fc7b1cd9c9eb782701fb213875db89ab1781219c0e947dd7c4d9dcd65e", size = 17438, upload-time = "2025-10-19T06:39:11.202Z" }
wheels = [
    { url = "https://files.pythonhosted.org/packages/27/23/535c2b3492fb31286a6adad45af3367eba3c23edc2fa24824d9526626012/types_awscrt-0.28.2-py3-none-any.whl", hash = "sha256:d08916fa735cfc032e6a8cfdac92785f1c4e88623999b224ea4e6267d5de5fcb", size = 41929, upload-time = "2025-10-19T06:39:10.042Z" },
]

[[package]]
name = "types-s3transfer"
version = "0.14.0"
source = { registry = "https://pypi.org/simple" }
sdist = { url = "https://files.pythonhosted.org/packages/8e/9b/8913198b7fc700acc1dcb84827137bb2922052e43dde0f4fb0ed2dc6f118/types_s3transfer-0.14.0.tar.gz", hash = "sha256:17f800a87c7eafab0434e9d87452c809c290ae906c2024c24261c564479e9c95", size = 14218, upload-time = "2025-10-11T21:11:27.892Z" }
wheels = [
    { url = "https://files.pythonhosted.org/packages/92/c3/4dfb2e87c15ca582b7d956dfb7e549de1d005c758eb9a305e934e1b83fda/types_s3transfer-0.14.0-py3-none-any.whl", hash = "sha256:108134854069a38b048e9b710b9b35904d22a9d0f37e4e1889c2e6b58e5b3253", size = 19697, upload-time = "2025-10-11T21:11:26.749Z" },
]

[[package]]
name = "typing-extensions"
version = "4.15.0"
source = { registry = "https://pypi.org/simple" }
sdist = { url = "https://files.pythonhosted.org/packages/72/94/1a15dd82efb362ac84269196e94cf00f187f7ed21c242792a923cdb1c61f/typing_extensions-4.15.0.tar.gz", hash = "sha256:0cea48d173cc12fa28ecabc3b837ea3cf6f38c6d1136f85cbaaf598984861466", size = 109391, upload-time = "2025-08-25T13:49:26.313Z" }
wheels = [
    { url = "https://files.pythonhosted.org/packages/18/67/36e9267722cc04a6b9f15c7f3441c2363321a3ea07da7ae0c0707beb2a9c/typing_extensions-4.15.0-py3-none-any.whl", hash = "sha256:f0fa19c6845758ab08074a0cfa8b7aecb71c999ca73d62883bc25cc018c4e548", size = 44614, upload-time = "2025-08-25T13:49:24.86Z" },
]

[[package]]
name = "tzdata"
version = "2025.2"
source = { registry = "https://pypi.org/simple" }
sdist = { url = "https://files.pythonhosted.org/packages/95/32/1a225d6164441be760d75c2c42e2780dc0873fe382da3e98a2e1e48361e5/tzdata-2025.2.tar.gz", hash = "sha256:b60a638fcc0daffadf82fe0f57e53d06bdec2f36c4df66280ae79bce6bd6f2b9", size = 196380, upload-time = "2025-03-23T13:54:43.652Z" }
wheels = [
    { url = "https://files.pythonhosted.org/packages/5c/23/c7abc0ca0a1526a0774eca151daeb8de62ec457e77262b66b359c3c7679e/tzdata-2025.2-py2.py3-none-any.whl", hash = "sha256:1a403fada01ff9221ca8044d701868fa132215d84beb92242d9acd2147f667a8", size = 347839, upload-time = "2025-03-23T13:54:41.845Z" },
]

[[package]]
name = "urllib3"
version = "2.5.0"
source = { registry = "https://pypi.org/simple" }
sdist = { url = "https://files.pythonhosted.org/packages/15/22/9ee70a2574a4f4599c47dd506532914ce044817c7752a79b6a51286319bc/urllib3-2.5.0.tar.gz", hash = "sha256:3fc47733c7e419d4bc3f6b3dc2b4f890bb743906a30d56ba4a5bfa4bbff92760", size = 393185, upload-time = "2025-06-18T14:07:41.644Z" }
wheels = [
    { url = "https://files.pythonhosted.org/packages/a7/c2/fe1e52489ae3122415c51f387e221dd0773709bad6c6cdaa599e8a2c5185/urllib3-2.5.0-py3-none-any.whl", hash = "sha256:e6b01673c0fa6a13e374b50871808eb3bf7046c4b125b216f6bf1cc604cff0dc", size = 129795, upload-time = "2025-06-18T14:07:40.39Z" },
]

[[package]]
name = "uv-workspace-demo"
version = "0.1.0"
source = { virtual = "." }

[package.dev-dependencies]
dev = [
    { name = "mypy" },
]

[package.metadata]

[package.metadata.requires-dev]
dev = [{ name = "mypy", specifier = ">=1.18.2" }]
